github.com/gammazero/deque v0.2.1 h1:qSdsbG6pgp6nL7A0+K/B7s12mcCY/5l5SIUpMOl+dC0=
github.com/gammazero/deque v0.2.1/go.mod h1:LFroj8x4cMYCukHJDbxFCkT+r9AndaJnFMuZDV34tuU=
github.com/gbin/goncurses v0.0.0-20240517145248-be6a464272ae h1:WeLSOuEYiwcuwg39YirhW0DibOkTztefXCTau5sSbyc=
github.com/gbin/goncurses v0.0.0-20240517145248-be6a464272ae/go.mod h1:dmRjyC3ZOQQ4EXWMOIAQi0TLaJPcg61LFsJ9mvhSGRE=
